{
  "name": "passkey-kit",
  "version": "0.7.16",
  "lockfileVersion": 3,
  "requires": true,
  "packages": {
    "": {
      "name": "passkey-kit",
      "version": "0.7.16",
      "license": "MIT",
      "workspaces": [
        "packages/passkey-factory-sdk",
        "packages/passkey-kit-sdk",
        "packages/sac-sdk"
      ],
      "dependencies": {
        "@darkedges/capacitor-native-webauthn": "^0.0.4",
        "@simplewebauthn/browser": "^10.0.0",
        "@stellar/stellar-sdk": "github:stellar/js-stellar-sdk",
        "base64url": "^3.0.1",
        "buffer": "^6.0.3",
        "passkey-factory-sdk": "workspace:*",
        "passkey-kit-sdk": "workspace:*",
        "sac-sdk": "workspace:*"
      },
      "devDependencies": {
        "@simplewebauthn/types": "^10.0.0",
        "@types/node": "^22.7.4",
        "typescript": "^5.6.2"
      }
    },
    "node_modules/@capacitor/core": {
      "version": "5.7.8",
      "license": "MIT",
      "peer": true,
      "dependencies": {
        "tslib": "^2.1.0"
      }
    },
    "node_modules/@darkedges/capacitor-native-webauthn": {
      "version": "0.0.4",
      "license": "Apache-2.0",
      "dependencies": {
        "@simplewebauthn/browser": "^9.0.0"
      },
      "peerDependencies": {
        "@capacitor/core": "^5.0.0"
      }
    },
    "node_modules/@darkedges/capacitor-native-webauthn/node_modules/@simplewebauthn/browser": {
      "version": "9.0.1",
      "license": "MIT",
      "dependencies": {
        "@simplewebauthn/types": "^9.0.1"
      }
    },
    "node_modules/@darkedges/capacitor-native-webauthn/node_modules/@simplewebauthn/browser/node_modules/@simplewebauthn/types": {
      "version": "9.0.1",
      "license": "MIT"
    },
    "node_modules/@simplewebauthn/browser": {
      "version": "10.0.0",
      "license": "MIT",
      "dependencies": {
        "@simplewebauthn/types": "^10.0.0"
      }
    },
    "node_modules/@simplewebauthn/types": {
      "version": "10.0.0",
      "license": "MIT"
    },
    "node_modules/@stellar/js-xdr": {
      "version": "3.1.2",
      "license": "Apache-2.0"
    },
    "node_modules/@stellar/stellar-base": {
      "version": "12.1.1",
      "license": "Apache-2.0",
      "dependencies": {
        "@stellar/js-xdr": "^3.1.2",
        "base32.js": "^0.1.0",
        "bignumber.js": "^9.1.2",
        "buffer": "^6.0.3",
        "sha.js": "^2.3.6",
        "tweetnacl": "^1.0.3"
      },
      "optionalDependencies": {
        "sodium-native": "^4.1.1"
      }
    },
    "node_modules/@stellar/stellar-sdk": {
      "version": "12.3.0",
      "resolved": "git+ssh://git@github.com/stellar/js-stellar-sdk.git#ebab1837df0a0a8ebb8e75f7878f2129f06819de",
      "dependencies": {
        "@stellar/stellar-base": "^12.1.1",
        "axios": "^1.7.7",
        "bignumber.js": "^9.1.2",
        "eventsource": "^2.0.2",
        "feaxios": "^0.0.20",
        "randombytes": "^2.1.0",
        "toml": "^3.0.0",
        "urijs": "^1.19.1"
      }
    },
    "node_modules/@types/node": {
      "version": "22.7.4",
      "dev": true,
      "license": "MIT",
      "dependencies": {
        "undici-types": "~6.19.2"
      }
    },
    "node_modules/asynckit": {
      "version": "0.4.0",
      "license": "MIT"
    },
    "node_modules/axios": {
      "version": "1.7.7",
      "license": "MIT",
      "dependencies": {
        "follow-redirects": "^1.15.6",
        "form-data": "^4.0.0",
        "proxy-from-env": "^1.1.0"
      }
    },
    "node_modules/base32.js": {
      "version": "0.1.0",
      "license": "MIT",
      "engines": {
        "node": ">=0.12.0"
      }
    },
    "node_modules/base64-js": {
      "version": "1.5.1",
      "funding": [
        {
          "type": "github",
          "url": "https://github.com/sponsors/feross"
        },
        {
          "type": "patreon",
          "url": "https://www.patreon.com/feross"
        },
        {
          "type": "consulting",
          "url": "https://feross.org/support"
        }
      ],
      "license": "MIT"
    },
    "node_modules/base64url": {
      "version": "3.0.1",
      "license": "MIT",
      "engines": {
        "node": ">=6.0.0"
      }
    },
    "node_modules/bignumber.js": {
      "version": "9.1.2",
      "license": "MIT",
      "engines": {
        "node": "*"
      }
    },
    "node_modules/buffer": {
      "version": "6.0.3",
      "funding": [
        {
          "type": "github",
          "url": "https://github.com/sponsors/feross"
        },
        {
          "type": "patreon",
          "url": "https://www.patreon.com/feross"
        },
        {
          "type": "consulting",
          "url": "https://feross.org/support"
        }
      ],
      "license": "MIT",
      "dependencies": {
        "base64-js": "^1.3.1",
        "ieee754": "^1.2.1"
      }
    },
    "node_modules/combined-stream": {
      "version": "1.0.8",
      "license": "MIT",
      "dependencies": {
        "delayed-stream": "~1.0.0"
      },
      "engines": {
        "node": ">= 0.8"
      }
    },
    "node_modules/delayed-stream": {
      "version": "1.0.0",
      "license": "MIT",
      "engines": {
        "node": ">=0.4.0"
      }
    },
    "node_modules/eventsource": {
      "version": "2.0.2",
      "license": "MIT",
      "engines": {
        "node": ">=12.0.0"
      }
    },
    "node_modules/feaxios": {
      "version": "0.0.20",
      "license": "MIT",
      "dependencies": {
        "is-retry-allowed": "^3.0.0"
      }
    },
    "node_modules/follow-redirects": {
      "version": "1.15.9",
      "funding": [
        {
          "type": "individual",
          "url": "https://github.com/sponsors/RubenVerborgh"
        }
      ],
      "license": "MIT",
      "engines": {
        "node": ">=4.0"
      },
      "peerDependenciesMeta": {
        "debug": {
          "optional": true
        }
      }
    },
    "node_modules/form-data": {
      "version": "4.0.0",
      "license": "MIT",
      "dependencies": {
        "asynckit": "^0.4.0",
        "combined-stream": "^1.0.8",
        "mime-types": "^2.1.12"
      },
      "engines": {
        "node": ">= 6"
      }
    },
    "node_modules/ieee754": {
      "version": "1.2.1",
      "funding": [
        {
          "type": "github",
          "url": "https://github.com/sponsors/feross"
        },
        {
          "type": "patreon",
          "url": "https://www.patreon.com/feross"
        },
        {
          "type": "consulting",
          "url": "https://feross.org/support"
        }
      ],
      "license": "BSD-3-Clause"
    },
    "node_modules/inherits": {
      "version": "2.0.4",
      "license": "ISC"
    },
    "node_modules/is-retry-allowed": {
      "version": "3.0.0",
      "license": "MIT",
      "engines": {
        "node": ">=12"
      },
      "funding": {
        "url": "https://github.com/sponsors/sindresorhus"
      }
    },
    "node_modules/mime-db": {
      "version": "1.52.0",
      "license": "MIT",
      "engines": {
        "node": ">= 0.6"
      }
    },
    "node_modules/mime-types": {
      "version": "2.1.35",
      "license": "MIT",
      "dependencies": {
        "mime-db": "1.52.0"
      },
      "engines": {
        "node": ">= 0.6"
      }
    },
    "node_modules/node-gyp-build": {
      "version": "4.8.2",
      "license": "MIT",
      "optional": true,
      "bin": {
        "node-gyp-build": "bin.js",
        "node-gyp-build-optional": "optional.js",
        "node-gyp-build-test": "build-test.js"
      }
    },
    "node_modules/passkey-factory-sdk": {
      "resolved": "packages/passkey-factory-sdk",
      "link": true
    },
    "node_modules/passkey-kit-sdk": {
      "resolved": "packages/passkey-kit-sdk",
      "link": true
    },
    "node_modules/proxy-from-env": {
      "version": "1.1.0",
      "license": "MIT"
    },
    "node_modules/randombytes": {
      "version": "2.1.0",
      "license": "MIT",
      "dependencies": {
        "safe-buffer": "^5.1.0"
      }
    },
    "node_modules/sac-sdk": {
      "resolved": "packages/sac-sdk",
      "link": true
    },
    "node_modules/safe-buffer": {
      "version": "5.2.1",
      "funding": [
        {
          "type": "github",
          "url": "https://github.com/sponsors/feross"
        },
        {
          "type": "patreon",
          "url": "https://www.patreon.com/feross"
        },
        {
          "type": "consulting",
          "url": "https://feross.org/support"
        }
      ],
      "license": "MIT"
    },
    "node_modules/sha.js": {
      "version": "2.4.11",
      "license": "(MIT AND BSD-3-Clause)",
      "dependencies": {
        "inherits": "^2.0.1",
        "safe-buffer": "^5.0.1"
      },
      "bin": {
        "sha.js": "bin.js"
      }
    },
    "node_modules/sodium-native": {
      "version": "4.2.0",
      "hasInstallScript": true,
      "license": "MIT",
      "optional": true,
      "dependencies": {
        "node-gyp-build": "^4.8.0"
      }
    },
    "node_modules/toml": {
      "version": "3.0.0",
      "license": "MIT"
    },
    "node_modules/tslib": {
      "version": "2.7.0",
      "license": "0BSD",
      "peer": true
    },
    "node_modules/tweetnacl": {
      "version": "1.0.3",
      "license": "Unlicense"
    },
    "node_modules/typescript": {
      "version": "5.6.2",
      "dev": true,
      "license": "Apache-2.0",
      "bin": {
        "tsc": "bin/tsc",
        "tsserver": "bin/tsserver"
      },
      "engines": {
        "node": ">=14.17"
      }
    },
    "node_modules/undici-types": {
      "version": "6.19.8",
      "dev": true,
      "license": "MIT"
    },
    "node_modules/urijs": {
      "version": "1.19.11",
      "license": "MIT"
    },
    "packages/passkey-factory-sdk": {
      "version": "0.3.4",
      "dependencies": {
        "@stellar/stellar-sdk": "12.3.0",
        "buffer": "6.0.3"
      },
      "devDependencies": {
        "typescript": "5.6.2"
      }
    },
    "packages/passkey-kit-sdk": {
      "version": "0.3.4",
      "dependencies": {
        "@stellar/stellar-sdk": "12.3.0",
        "buffer": "6.0.3"
      },
      "devDependencies": {
        "typescript": "5.6.2"
      }
    },
    "packages/sac-sdk": {
      "version": "0.1.1",
      "dependencies": {
        "@stellar/stellar-sdk": "12.3.0",
        "buffer": "6.0.3"
      },
      "devDependencies": {
        "typescript": "5.6.2"
      }
    }
  }
}
